
Microsoft Visual Studio Solution File, Format Version 12.00
# Visual Studio 15
VisualStudioVersion = 15.0.28307.1300
MinimumVisualStudioVersion = 10.0.40219.1
Project("{FAE04EC0-301F-11D3-BF4B-00C04F79EFBC}") = "AdsRemote", "AdsRemote\AdsRemote.csproj", "{53650485-FA17-411E-9016-ADBCE60A9417}"
EndProject
Global
	GlobalSection(SolutionConfigurationPlatforms) = preSolution
		Debug|Any CPU = Debug|Any CPU
		Release|Any CPU = Release|Any CPU
	EndGlobalSection
	GlobalSection(ProjectConfigurationPlatforms) = postSolution
		{53650485-FA17-411E-9016-ADBCE60A9417}.Debug|Any CPU.ActiveCfg = Debug|Any CPU
		{53650485-FA17-411E-9016-ADBCE60A9417}.Debug|Any CPU.Build.0 = Debug|Any CPU
		{53650485-FA17-411E-9016-ADBCE60A9417}.Release|Any CPU.ActiveCfg = Release|Any CPU
		{53650485-FA17-411E-9016-ADBCE60A9417}.Release|Any CPU.Build.0 = Release|Any CPU
	EndGlobalSection
	GlobalSection(SolutionProperties) = preSolution
		HideSolutionNode = FALSE
	EndGlobalSection
	GlobalSection(ExtensibilityGlobals) = postSolution
		SolutionGuid = {677BC9FD-FC3D-48F4-A315-872D47B56D57}
	EndGlobalSection
EndGlobal
